{
  "sources": {
    "apt": {
      "locked_version": "2.3.0"
    },
    "build-essential": {
      "locked_version": "1.4.2"
    },
    "git": {
      "locked_version": "2.7.0"
    },
    "mercurial": {
      "locked_version": "2.0.4"
    },
    "openssl": {
      "locked_version": "1.1.0"
    },
    "zsh": {
      "locked_version": "1.0.0"
    },
    "vim": {
      "locked_version": "1.0.2"
    },
    "oh_my_zsh": {
      "path": "./cookbooks/oh-my-zsh"
    },
    "virtualenvwrapper": {
      "path": "./cookbooks/virtualenvwrapper"
    },
    "nginx": {
      "locked_version": "2.0.4"
    },
    "database": {
      "locked_version": "1.5.2"
    },
    "postgresql": {
      "locked_version": "3.3.4"
    },
    "python": {
      "locked_version": "1.4.4"
    },
    "livetex-qa-site": {
      "path": "./cookbooks/livetex-qa-site"
    },
    "dmg": {
      "locked_version": "2.0.8"
    },
    "yum": {
      "locked_version": "2.4.2"
    },
    "windows": {
      "locked_version": "1.11.0"
    },
    "chef_handler": {
      "locked_version": "1.1.4"
    },
    "runit": {
      "locked_version": "1.4.0"
    },
    "bluepill": {
      "locked_version": "2.3.0"
    },
    "rsyslog": {
      "locked_version": "1.9.0"
    },
    "ohai": {
      "locked_version": "1.1.12"
    },
    "mysql": {
      "locked_version": "4.0.6"
    },
    "aws": {
      "locked_version": "1.0.0"
    },
    "xfs": {
      "locked_version": "1.1.0"
    }
  }
}
